{
  "nodes": {
    "nixos-hardware": {
      "locked": {
        "lastModified": 1765371797,
        "narHash": "sha256-yaHE0vpK7XN/BR6B8jufAWrp7uYzwkhUbqk8G9EU1ak=",
        "owner": "8bitbuddhist",
        "repo": "nixos-hardware",
        "rev": "4bf4cf11ca79c4169617eabd7d57696fe6d2954c",
        "type": "github"
      },
      "original": {
        "owner": "8bitbuddhist",
        "ref": "surface-rust-target-spec-fix",
        "repo": "nixos-hardware",
        "type": "github"
      }
    },
    "nixpkgs": {
      "locked": {
        "lastModified": 1770197578,
        "narHash": "sha256-AYqlWrX09+HvGs8zM6ebZ1pwUqjkfpnv8mewYwAo+iM=",
        "owner": "NixOS",
        "repo": "nixpkgs",
        "rev": "00c21e4c93d963c50d4c0c89bfa84ed6e0694df2",
        "type": "github"
      },
      "original": {
        "owner": "NixOS",
        "ref": "nixos-unstable",
        "repo": "nixpkgs",
        "type": "github"
      }
    },
    "root": {
      "inputs": {
        "nixos-hardware": "nixos-hardware",
        "nixpkgs": "nixpkgs"
      }
    }
  },
  "root": "root",
  "version": 7
}
